// !$*UTF8*$!
{
	archiveVersion = 1;
	classes = {
	};
	objectVersion = 70;
	objects = {

/* Begin PBXBuildFile section */
		18B4F06A2EC228D500731530 /* Moya in Frameworks */ = {isa = PBXBuildFile; productRef = 18B4F0692EC228D500731530 /* Moya */; };
		18B4F06D2EC228EC00731530 /* KakaoSDK in Frameworks */ = {isa = PBXBuildFile; productRef = 18B4F06C2EC228EC00731530 /* KakaoSDK */; };
		18B4F06F2EC228EC00731530 /* KakaoSDKAuth in Frameworks */ = {isa = PBXBuildFile; productRef = 18B4F06E2EC228EC00731530 /* KakaoSDKAuth */; };
		18B4F0712EC228EC00731530 /* KakaoSDKCommon in Frameworks */ = {isa = PBXBuildFile; productRef = 18B4F0702EC228EC00731530 /* KakaoSDKCommon */; };
		18B4F0742EC228FD00731530 /* Alamofire in Frameworks */ = {isa = PBXBuildFile; productRef = 18B4F0732EC228FD00731530 /* Alamofire */; };
		D9F327983AC5D32E3964D8EB /* TuistBundle+Mega.swift in Sources */ = {isa = PBXBuildFile; fileRef = B7FE94283E0ADCBC6EDE5C0A /* TuistBundle+Mega.swift */; };
/* End PBXBuildFile section */

/* Begin PBXContainerItemProxy section */
		E665A3AD6D132D7950A03F53 /* PBXContainerItemProxy */ = {
			isa = PBXContainerItemProxy;
			containerPortal = 0BB3700C43C3C466D074321D /* Project object */;
			proxyType = 1;
			remoteGlobalIDString = 6F43C00FE4108AD518C41588;
			remoteInfo = mega;
		};
/* End PBXContainerItemProxy section */

/* Begin PBXCopyFilesBuildPhase section */
		1EDBACCD96DF6E86A230B297 /* Embed Frameworks */ = {
			isa = PBXCopyFilesBuildPhase;
			buildActionMask = 2147483647;
			dstPath = "";
			dstSubfolderSpec = 10;
			files = (
			);
			name = "Embed Frameworks";
			runOnlyForDeploymentPostprocessing = 0;
		};
		BF2839578921EB52037A2255 /* Embed Frameworks */ = {
			isa = PBXCopyFilesBuildPhase;
			buildActionMask = 2147483647;
			dstPath = "";
			dstSubfolderSpec = 10;
			files = (
			);
			name = "Embed Frameworks";
			runOnlyForDeploymentPostprocessing = 0;
		};
/* End PBXCopyFilesBuildPhase section */

/* Begin PBXFileReference section */
		1755D00613EBBFF02D6404D1 /* megaTests.xctest */ = {isa = PBXFileReference; explicitFileType = wrapper.cfbundle; includeInIndex = 0; path = megaTests.xctest; sourceTree = BUILT_PRODUCTS_DIR; };
		35FE2765F30198837FBA2585 /* mega-Info.plist */ = {isa = PBXFileReference; lastKnownFileType = text.plist; path = "mega-Info.plist"; sourceTree = "<group>"; };
		5D8306635010519716F22C5B /* megaTests-Info.plist */ = {isa = PBXFileReference; lastKnownFileType = text.plist; path = "megaTests-Info.plist"; sourceTree = "<group>"; };
		9376D96D011CDB95F57D3AE2 /* mega.app */ = {isa = PBXFileReference; explicitFileType = wrapper.application; includeInIndex = 0; path = mega.app; sourceTree = BUILT_PRODUCTS_DIR; };
		B7FE94283E0ADCBC6EDE5C0A /* TuistBundle+Mega.swift */ = {isa = PBXFileReference; lastKnownFileType = sourcecode.swift; path = "TuistBundle+Mega.swift"; sourceTree = "<group>"; };
/* End PBXFileReference section */

/* Begin PBXFileSystemSynchronizedRootGroup section */
		61089572E925A88F04EE7343 /* Resources */ = {isa = PBXFileSystemSynchronizedRootGroup; explicitFileTypes = {}; explicitFolders = (); path = Resources; sourceTree = "<group>"; };
		81142FB6E0E78BDCB5BD8A12 /* Tests */ = {isa = PBXFileSystemSynchronizedRootGroup; explicitFileTypes = {}; explicitFolders = (); path = Tests; sourceTree = "<group>"; };
		AC3C6B56FA730828AA95A9C8 /* Sources */ = {isa = PBXFileSystemSynchronizedRootGroup; explicitFileTypes = {}; explicitFolders = (); path = Sources; sourceTree = "<group>"; };
/* End PBXFileSystemSynchronizedRootGroup section */

/* Begin PBXFrameworksBuildPhase section */
		32C2AAA1ED914C6724BFE8A9 /* Frameworks */ = {
			isa = PBXFrameworksBuildPhase;
			buildActionMask = 2147483647;
			files = (
				18B4F0742EC228FD00731530 /* Alamofire in Frameworks */,
				18B4F0712EC228EC00731530 /* KakaoSDKCommon in Frameworks */,
				18B4F06A2EC228D500731530 /* Moya in Frameworks */,
				18B4F06D2EC228EC00731530 /* KakaoSDK in Frameworks */,
				18B4F06F2EC228EC00731530 /* KakaoSDKAuth in Frameworks */,
			);
			runOnlyForDeploymentPostprocessing = 0;
		};
		3A62E803B1CC2824E2728A2E /* Frameworks */ = {
			isa = PBXFrameworksBuildPhase;
			buildActionMask = 2147483647;
			files = (
			);
			runOnlyForDeploymentPostprocessing = 0;
		};
/* End PBXFrameworksBuildPhase section */

/* Begin PBXGroup section */
		30C8915DAA80280103AA4BD0 /* Project */ = {
			isa = PBXGroup;
			children = (
				E861B6B0BD81AEF011BC0B8C /* Derived */,
				32D5637DB53BB32EA00F7145 /* mega */,
			);
			name = Project;
			sourceTree = "<group>";
		};
		32D5637DB53BB32EA00F7145 /* mega */ = {
			isa = PBXGroup;
			children = (
				61089572E925A88F04EE7343 /* Resources */,
				AC3C6B56FA730828AA95A9C8 /* Sources */,
				81142FB6E0E78BDCB5BD8A12 /* Tests */,
			);
			path = mega;
			sourceTree = "<group>";
		};
		813B51CBA77E9F475A5F6944 = {
			isa = PBXGroup;
			children = (
				30C8915DAA80280103AA4BD0 /* Project */,
				9DEE9C0581D7A11C8DDD2529 /* Products */,
			);
			sourceTree = "<group>";
		};
		9DD91A3EB860D25D19307AF4 /* InfoPlists */ = {
			isa = PBXGroup;
			children = (
				35FE2765F30198837FBA2585 /* mega-Info.plist */,
				5D8306635010519716F22C5B /* megaTests-Info.plist */,
			);
			path = InfoPlists;
			sourceTree = "<group>";
		};
		9DEE9C0581D7A11C8DDD2529 /* Products */ = {
			isa = PBXGroup;
			children = (
				9376D96D011CDB95F57D3AE2 /* mega.app */,
				1755D00613EBBFF02D6404D1 /* megaTests.xctest */,
			);
			name = Products;
			sourceTree = "<group>";
		};
		E861B6B0BD81AEF011BC0B8C /* Derived */ = {
			isa = PBXGroup;
			children = (
				9DD91A3EB860D25D19307AF4 /* InfoPlists */,
				F67F72DF9AF0C36B7375198E /* Sources */,
			);
			path = Derived;
			sourceTree = "<group>";
		};
		F67F72DF9AF0C36B7375198E /* Sources */ = {
			isa = PBXGroup;
			children = (
				B7FE94283E0ADCBC6EDE5C0A /* TuistBundle+Mega.swift */,
			);
			path = Sources;
			sourceTree = "<group>";
		};
/* End PBXGroup section */

/* Begin PBXNativeTarget section */
		6295B1753749DABCF80A5F1D /* megaTests */ = {
			isa = PBXNativeTarget;
			buildConfigurationList = 00EA813C8DCAC211B60261AA /* Build configuration list for PBXNativeTarget "megaTests" */;
			buildPhases = (
				F529A030483404E0BB1091E1 /* Sources */,
				48CF3624E8C724F95D009404 /* Resources */,
				3A62E803B1CC2824E2728A2E /* Frameworks */,
				1EDBACCD96DF6E86A230B297 /* Embed Frameworks */,
			);
			buildRules = (
			);
			dependencies = (
				76E49342E9DCC0F0FEC16BD7 /* PBXTargetDependency */,
			);
			fileSystemSynchronizedGroups = (
				81142FB6E0E78BDCB5BD8A12 /* Tests */,
			);
			name = megaTests;
			packageProductDependencies = (
			);
			productName = megaTests;
			productReference = 1755D00613EBBFF02D6404D1 /* megaTests.xctest */;
			productType = "com.apple.product-type.bundle.unit-test";
		};
		6F43C00FE4108AD518C41588 /* mega */ = {
			isa = PBXNativeTarget;
			buildConfigurationList = D04C446AAB8B2C43C5010679 /* Build configuration list for PBXNativeTarget "mega" */;
			buildPhases = (
				ADF3BDF375C64D680A93EC98 /* Sources */,
				73992A60FDCCD94BE6B4100B /* Resources */,
				32C2AAA1ED914C6724BFE8A9 /* Frameworks */,
				BF2839578921EB52037A2255 /* Embed Frameworks */,
			);
			buildRules = (
			);
			dependencies = (
			);
			fileSystemSynchronizedGroups = (
				61089572E925A88F04EE7343 /* Resources */,
				AC3C6B56FA730828AA95A9C8 /* Sources */,
			);
			name = mega;
			packageProductDependencies = (
				18B4F0692EC228D500731530 /* Moya */,
				18B4F06C2EC228EC00731530 /* KakaoSDK */,
				18B4F06E2EC228EC00731530 /* KakaoSDKAuth */,
				18B4F0702EC228EC00731530 /* KakaoSDKCommon */,
				18B4F0732EC228FD00731530 /* Alamofire */,
			);
			productName = mega;
			productReference = 9376D96D011CDB95F57D3AE2 /* mega.app */;
			productType = "com.apple.product-type.application";
		};
/* End PBXNativeTarget section */

/* Begin PBXProject section */
		0BB3700C43C3C466D074321D /* Project object */ = {
			isa = PBXProject;
			attributes = {
				BuildIndependentTargetsInParallel = YES;
				TargetAttributes = {
					6295B1753749DABCF80A5F1D = {
						TestTargetID = 6F43C00FE4108AD518C41588;
					};
				};
			};
			buildConfigurationList = 08A4D27BA0D0EB7967D1B957 /* Build configuration list for PBXProject "mega" */;
			compatibilityVersion = "Xcode 14.0";
			developmentRegion = en;
			hasScannedForEncodings = 0;
			knownRegions = (
				Base,
				en,
			);
			mainGroup = 813B51CBA77E9F475A5F6944;
			packageReferences = (
				18B4F0682EC228D500731530 /* XCRemoteSwiftPackageReference "Moya" */,
				18B4F06B2EC228EC00731530 /* XCRemoteSwiftPackageReference "kakao-ios-sdk" */,
				18B4F0722EC228FD00731530 /* XCRemoteSwiftPackageReference "Alamofire" */,
			);
			productRefGroup = 9DEE9C0581D7A11C8DDD2529 /* Products */;
			projectDirPath = "";
			projectRoot = "";
			targets = (
				6F43C00FE4108AD518C41588 /* mega */,
				6295B1753749DABCF80A5F1D /* megaTests */,
			);
		};
/* End PBXProject section */

/* Begin PBXResourcesBuildPhase section */
		48CF3624E8C724F95D009404 /* Resources */ = {
			isa = PBXResourcesBuildPhase;
			buildActionMask = 2147483647;
			files = (
			);
			runOnlyForDeploymentPostprocessing = 0;
		};
		73992A60FDCCD94BE6B4100B /* Resources */ = {
			isa = PBXResourcesBuildPhase;
			buildActionMask = 2147483647;
			files = (
			);
			runOnlyForDeploymentPostprocessing = 0;
		};
/* End PBXResourcesBuildPhase section */

/* Begin PBXSourcesBuildPhase section */
		ADF3BDF375C64D680A93EC98 /* Sources */ = {
			isa = PBXSourcesBuildPhase;
			buildActionMask = 2147483647;
			files = (
				D9F327983AC5D32E3964D8EB /* TuistBundle+Mega.swift in Sources */,
			);
			runOnlyForDeploymentPostprocessing = 0;
		};
		F529A030483404E0BB1091E1 /* Sources */ = {
			isa = PBXSourcesBuildPhase;
			buildActionMask = 2147483647;
			files = (
			);
			runOnlyForDeploymentPostprocessing = 0;
		};
/* End PBXSourcesBuildPhase section */

/* Begin PBXTargetDependency section */
		76E49342E9DCC0F0FEC16BD7 /* PBXTargetDependency */ = {
			isa = PBXTargetDependency;
			name = mega;
			target = 6F43C00FE4108AD518C41588 /* mega */;
			targetProxy = E665A3AD6D132D7950A03F53 /* PBXContainerItemProxy */;
		};
/* End PBXTargetDependency section */

/* Begin XCBuildConfiguration section */
		16808C92695D1465FCB861D8 /* Release */ = {
			isa = XCBuildConfiguration;
			buildSettings = {
				ALWAYS_SEARCH_USER_PATHS = NO;
				CLANG_ANALYZER_LOCALIZABILITY_NONLOCALIZED = YES;
				CLANG_ANALYZER_NONNULL = YES;
				CLANG_ANALYZER_NUMBER_OBJECT_CONVERSION = YES_AGGRESSIVE;
				CLANG_CXX_LANGUAGE_STANDARD = "gnu++14";
				CLANG_CXX_LIBRARY = "libc++";
				CLANG_ENABLE_MODULES = YES;
				CLANG_ENABLE_OBJC_ARC = YES;
				CLANG_ENABLE_OBJC_WEAK = YES;
				CLANG_WARN_BLOCK_CAPTURE_AUTORELEASING = YES;
				CLANG_WARN_BOOL_CONVERSION = YES;
				CLANG_WARN_COMMA = YES;
				CLANG_WARN_CONSTANT_CONVERSION = YES;
				CLANG_WARN_DEPRECATED_OBJC_IMPLEMENTATIONS = YES;
				CLANG_WARN_DIRECT_OBJC_ISA_USAGE = YES_ERROR;
				CLANG_WARN_DOCUMENTATION_COMMENTS = YES;
				CLANG_WARN_EMPTY_BODY = YES;
				CLANG_WARN_ENUM_CONVERSION = YES;
				CLANG_WARN_INFINITE_RECURSION = YES;
				CLANG_WARN_INT_CONVERSION = YES;
				CLANG_WARN_NON_LITERAL_NULL_CONVERSION = YES;
				CLANG_WARN_OBJC_IMPLICIT_RETAIN_SELF = YES;
				CLANG_WARN_OBJC_LITERAL_CONVERSION = YES;
				CLANG_WARN_OBJC_ROOT_CLASS = YES_ERROR;
				CLANG_WARN_QUOTED_INCLUDE_IN_FRAMEWORK_HEADER = YES;
				CLANG_WARN_RANGE_LOOP_ANALYSIS = YES;
				CLANG_WARN_STRICT_PROTOTYPES = YES;
				CLANG_WARN_SUSPICIOUS_MOVE = YES;
				CLANG_WARN_UNGUARDED_AVAILABILITY = YES_AGGRESSIVE;
				CLANG_WARN_UNREACHABLE_CODE = YES;
				CLANG_WARN__DUPLICATE_METHOD_MATCH = YES;
				COPY_PHASE_STRIP = NO;
				DEAD_CODE_STRIPPING = YES;
				DEBUG_INFORMATION_FORMAT = "dwarf-with-dsym";
				ENABLE_NS_ASSERTIONS = NO;
				ENABLE_STRICT_OBJC_MSGSEND = YES;
				GCC_C_LANGUAGE_STANDARD = gnu11;
				GCC_NO_COMMON_BLOCKS = YES;
				GCC_WARN_64_TO_32_BIT_CONVERSION = YES;
				GCC_WARN_ABOUT_RETURN_TYPE = YES_ERROR;
				GCC_WARN_UNDECLARED_SELECTOR = YES;
				GCC_WARN_UNINITIALIZED_AUTOS = YES_AGGRESSIVE;
				GCC_WARN_UNUSED_FUNCTION = YES;
				GCC_WARN_UNUSED_VARIABLE = YES;
				MTL_ENABLE_DEBUG_INFO = NO;
				PRODUCT_NAME = "$(TARGET_NAME)";
				VALIDATE_PRODUCT = YES;
			};
			name = Release;
		};
		36449B8051A62FD2120BB692 /* Release */ = {
			isa = XCBuildConfiguration;
			buildSettings = {
				ASSETCATALOG_COMPILER_APPICON_NAME = AppIcon;
				ASSETCATALOG_COMPILER_GLOBAL_ACCENT_COLOR_NAME = AccentColor;
				CODE_SIGN_IDENTITY = "iPhone Developer";
				ENABLE_PREVIEWS = YES;
				INFOPLIST_FILE = "Derived/InfoPlists/mega-Info.plist";
				LD_RUNPATH_SEARCH_PATHS = (
					"$(inherited)",
					"@executable_path/Frameworks",
				);
				PRODUCT_BUNDLE_IDENTIFIER = dev.tuist.mega;
				PRODUCT_NAME = mega;
				SDKROOT = iphoneos;
				SUPPORTS_MACCATALYST = NO;
				SUPPORTS_MAC_DESIGNED_FOR_IPHONE_IPAD = YES;
				SUPPORTS_XR_DESIGNED_FOR_IPHONE_IPAD = NO;
				SWIFT_COMPILATION_MODE = wholemodule;
				SWIFT_OPTIMIZATION_LEVEL = "-O";
				SWIFT_VERSION = 5.0;
				TARGETED_DEVICE_FAMILY = "1,2";
			};
			name = Release;
		};
		619630573E08ECBA687C6C56 /* Release */ = {
			isa = XCBuildConfiguration;
			buildSettings = {
				BUNDLE_LOADER = "$(TEST_HOST)";
				CODE_SIGN_IDENTITY = "iPhone Developer";
				INFOPLIST_FILE = "Derived/InfoPlists/megaTests-Info.plist";
				LD_RUNPATH_SEARCH_PATHS = (
					"$(inherited)",
					"@executable_path/Frameworks",
					"@loader_path/Frameworks",
				);
				PRODUCT_BUNDLE_IDENTIFIER = dev.tuist.megaTests;
				PRODUCT_NAME = megaTests;
				SDKROOT = iphoneos;
				SUPPORTS_MACCATALYST = NO;
				SUPPORTS_MAC_DESIGNED_FOR_IPHONE_IPAD = YES;
				SUPPORTS_XR_DESIGNED_FOR_IPHONE_IPAD = NO;
				SWIFT_COMPILATION_MODE = wholemodule;
				SWIFT_OPTIMIZATION_LEVEL = "-O";
				SWIFT_VERSION = 5.0;
				TARGETED_DEVICE_FAMILY = "1,2";
				TEST_HOST = "$(BUILT_PRODUCTS_DIR)/mega.app/$(BUNDLE_EXECUTABLE_FOLDER_PATH)/mega";
				TEST_TARGET_NAME = mega;
			};
			name = Release;
		};
		C679CCD749C0E53D83E69887 /* Debug */ = {
			isa = XCBuildConfiguration;
			buildSettings = {
				BUNDLE_LOADER = "$(TEST_HOST)";
				CODE_SIGN_IDENTITY = "iPhone Developer";
				INFOPLIST_FILE = "Derived/InfoPlists/megaTests-Info.plist";
				LD_RUNPATH_SEARCH_PATHS = (
					"$(inherited)",
					"@executable_path/Frameworks",
					"@loader_path/Frameworks",
				);
				PRODUCT_BUNDLE_IDENTIFIER = dev.tuist.megaTests;
				PRODUCT_NAME = megaTests;
				SDKROOT = iphoneos;
				SUPPORTS_MACCATALYST = NO;
				SUPPORTS_MAC_DESIGNED_FOR_IPHONE_IPAD = YES;
				SUPPORTS_XR_DESIGNED_FOR_IPHONE_IPAD = NO;
				SWIFT_ACTIVE_COMPILATION_CONDITIONS = "$(inherited) DEBUG";
				SWIFT_COMPILATION_MODE = singlefile;
				SWIFT_OPTIMIZATION_LEVEL = "-Onone";
				SWIFT_VERSION = 5.0;
				TARGETED_DEVICE_FAMILY = "1,2";
				TEST_HOST = "$(BUILT_PRODUCTS_DIR)/mega.app/$(BUNDLE_EXECUTABLE_FOLDER_PATH)/mega";
				TEST_TARGET_NAME = mega;
			};
			name = Debug;
		};
		D1C0DC45A647C402F4E99BAC /* Debug */ = {
			isa = XCBuildConfiguration;
			buildSettings = {
				ALWAYS_SEARCH_USER_PATHS = NO;
				CLANG_ANALYZER_LOCALIZABILITY_NONLOCALIZED = YES;
				CLANG_ANALYZER_NONNULL = YES;
				CLANG_ANALYZER_NUMBER_OBJECT_CONVERSION = YES_AGGRESSIVE;
				CLANG_CXX_LANGUAGE_STANDARD = "gnu++14";
				CLANG_CXX_LIBRARY = "libc++";
				CLANG_ENABLE_MODULES = YES;
				CLANG_ENABLE_OBJC_ARC = YES;
				CLANG_ENABLE_OBJC_WEAK = YES;
				CLANG_WARN_BLOCK_CAPTURE_AUTORELEASING = YES;
				CLANG_WARN_BOOL_CONVERSION = YES;
				CLANG_WARN_COMMA = YES;
				CLANG_WARN_CONSTANT_CONVERSION = YES;
				CLANG_WARN_DEPRECATED_OBJC_IMPLEMENTATIONS = YES;
				CLANG_WARN_DIRECT_OBJC_ISA_USAGE = YES_ERROR;
				CLANG_WARN_DOCUMENTATION_COMMENTS = YES;
				CLANG_WARN_EMPTY_BODY = YES;
				CLANG_WARN_ENUM_CONVERSION = YES;
				CLANG_WARN_INFINITE_RECURSION = YES;
				CLANG_WARN_INT_CONVERSION = YES;
				CLANG_WARN_NON_LITERAL_NULL_CONVERSION = YES;
				CLANG_WARN_OBJC_IMPLICIT_RETAIN_SELF = YES;
				CLANG_WARN_OBJC_LITERAL_CONVERSION = YES;
				CLANG_WARN_OBJC_ROOT_CLASS = YES_ERROR;
				CLANG_WARN_QUOTED_INCLUDE_IN_FRAMEWORK_HEADER = YES;
				CLANG_WARN_RANGE_LOOP_ANALYSIS = YES;
				CLANG_WARN_STRICT_PROTOTYPES = YES;
				CLANG_WARN_SUSPICIOUS_MOVE = YES;
				CLANG_WARN_UNGUARDED_AVAILABILITY = YES_AGGRESSIVE;
				CLANG_WARN_UNREACHABLE_CODE = YES;
				CLANG_WARN__DUPLICATE_METHOD_MATCH = YES;
				COPY_PHASE_STRIP = NO;
				DEAD_CODE_STRIPPING = YES;
				DEBUG_INFORMATION_FORMAT = dwarf;
				ENABLE_STRICT_OBJC_MSGSEND = YES;
				ENABLE_TESTABILITY = YES;
				GCC_C_LANGUAGE_STANDARD = gnu11;
				GCC_DYNAMIC_NO_PIC = NO;
				GCC_NO_COMMON_BLOCKS = YES;
				GCC_OPTIMIZATION_LEVEL = 0;
				GCC_PREPROCESSOR_DEFINITIONS = (
					"DEBUG=1",
					"$(inherited)",
				);
				GCC_WARN_64_TO_32_BIT_CONVERSION = YES;
				GCC_WARN_ABOUT_RETURN_TYPE = YES_ERROR;
				GCC_WARN_UNDECLARED_SELECTOR = YES;
				GCC_WARN_UNINITIALIZED_AUTOS = YES_AGGRESSIVE;
				GCC_WARN_UNUSED_FUNCTION = YES;
				GCC_WARN_UNUSED_VARIABLE = YES;
				MTL_ENABLE_DEBUG_INFO = YES;
				ONLY_ACTIVE_ARCH = YES;
				PRODUCT_NAME = "$(TARGET_NAME)";
			};
			name = Debug;
		};
		E02DC1B25870B3BF18809C8E /* Debug */ = {
			isa = XCBuildConfiguration;
			buildSettings = {
				ASSETCATALOG_COMPILER_APPICON_NAME = AppIcon;
				ASSETCATALOG_COMPILER_GLOBAL_ACCENT_COLOR_NAME = AccentColor;
				CODE_SIGN_IDENTITY = "iPhone Developer";
				ENABLE_PREVIEWS = YES;
				INFOPLIST_FILE = "Derived/InfoPlists/mega-Info.plist";
				LD_RUNPATH_SEARCH_PATHS = (
					"$(inherited)",
					"@executable_path/Frameworks",
				);
				PRODUCT_BUNDLE_IDENTIFIER = dev.tuist.mega;
				PRODUCT_NAME = mega;
				SDKROOT = iphoneos;
				SUPPORTS_MACCATALYST = NO;
				SUPPORTS_MAC_DESIGNED_FOR_IPHONE_IPAD = YES;
				SUPPORTS_XR_DESIGNED_FOR_IPHONE_IPAD = NO;
				SWIFT_ACTIVE_COMPILATION_CONDITIONS = "$(inherited) DEBUG";
				SWIFT_COMPILATION_MODE = singlefile;
				SWIFT_OPTIMIZATION_LEVEL = "-Onone";
				SWIFT_VERSION = 5.0;
				TARGETED_DEVICE_FAMILY = "1,2";
			};
			name = Debug;
		};
/* End XCBuildConfiguration section */

/* Begin XCConfigurationList section */
		00EA813C8DCAC211B60261AA /* Build configuration list for PBXNativeTarget "megaTests" */ = {
			isa = XCConfigurationList;
			buildConfigurations = (
				C679CCD749C0E53D83E69887 /* Debug */,
				619630573E08ECBA687C6C56 /* Release */,
			);
			defaultConfigurationIsVisible = 0;
			defaultConfigurationName = Release;
		};
		08A4D27BA0D0EB7967D1B957 /* Build configuration list for PBXProject "mega" */ = {
			isa = XCConfigurationList;
			buildConfigurations = (
				D1C0DC45A647C402F4E99BAC /* Debug */,
				16808C92695D1465FCB861D8 /* Release */,
			);
			defaultConfigurationIsVisible = 0;
			defaultConfigurationName = Release;
		};
		D04C446AAB8B2C43C5010679 /* Build configuration list for PBXNativeTarget "mega" */ = {
			isa = XCConfigurationList;
			buildConfigurations = (
				E02DC1B25870B3BF18809C8E /* Debug */,
				36449B8051A62FD2120BB692 /* Release */,
			);
			defaultConfigurationIsVisible = 0;
			defaultConfigurationName = Release;
		};
/* End XCConfigurationList section */

/* Begin XCRemoteSwiftPackageReference section */
		18B4F0682EC228D500731530 /* XCRemoteSwiftPackageReference "Moya" */ = {
			isa = XCRemoteSwiftPackageReference;
			repositoryURL = "https://github.com/Moya/Moya";
			requirement = {
				kind = upToNextMajorVersion;
				minimumVersion = 15.0.3;
			};
		};
		18B4F06B2EC228EC00731530 /* XCRemoteSwiftPackageReference "kakao-ios-sdk" */ = {
			isa = XCRemoteSwiftPackageReference;
			repositoryURL = "https://github.com/kakao/kakao-ios-sdk";
			requirement = {
				kind = upToNextMajorVersion;
				minimumVersion = 2.25.0;
			};
		};
		18B4F0722EC228FD00731530 /* XCRemoteSwiftPackageReference "Alamofire" */ = {
			isa = XCRemoteSwiftPackageReference;
			repositoryURL = "https://github.com/Alamofire/Alamofire.git";
			requirement = {
				kind = upToNextMajorVersion;
				minimumVersion = 5.10.2;
			};
		};
/* End XCRemoteSwiftPackageReference section */

/* Begin XCSwiftPackageProductDependency section */
		18B4F0692EC228D500731530 /* Moya */ = {
			isa = XCSwiftPackageProductDependency;
			package = 18B4F0682EC228D500731530 /* XCRemoteSwiftPackageReference "Moya" */;
			productName = Moya;
		};
		18B4F06C2EC228EC00731530 /* KakaoSDK */ = {
			isa = XCSwiftPackageProductDependency;
			package = 18B4F06B2EC228EC00731530 /* XCRemoteSwiftPackageReference "kakao-ios-sdk" */;
			productName = KakaoSDK;
		};
		18B4F06E2EC228EC00731530 /* KakaoSDKAuth */ = {
			isa = XCSwiftPackageProductDependency;
			package = 18B4F06B2EC228EC00731530 /* XCRemoteSwiftPackageReference "kakao-ios-sdk" */;
			productName = KakaoSDKAuth;
		};
		18B4F0702EC228EC00731530 /* KakaoSDKCommon */ = {
			isa = XCSwiftPackageProductDependency;
			package = 18B4F06B2EC228EC00731530 /* XCRemoteSwiftPackageReference "kakao-ios-sdk" */;
			productName = KakaoSDKCommon;
		};
		18B4F0732EC228FD00731530 /* Alamofire */ = {
			isa = XCSwiftPackageProductDependency;
			package = 18B4F0722EC228FD00731530 /* XCRemoteSwiftPackageReference "Alamofire" */;
			productName = Alamofire;
		};
/* End XCSwiftPackageProductDependency section */
	};
	rootObject = 0BB3700C43C3C466D074321D /* Project object */;
}
